// !$*UTF8*$!
{
	archiveVersion = 1;
	classes = {
	};
	objectVersion = 56;
	objects = {

/* Begin PBXBuildFile section */
		E0DF032D29EC392F008B0AA4 /* AppDelegate.swift in Sources */ = {isa = PBXBuildFile; fileRef = E0DF032C29EC392F008B0AA4 /* AppDelegate.swift */; };
		E0DF032F29EC392F008B0AA4 /* SceneDelegate.swift in Sources */ = {isa = PBXBuildFile; fileRef = E0DF032E29EC392F008B0AA4 /* SceneDelegate.swift */; };
		E0DF033129EC392F008B0AA4 /* ConversationViewController.swift in Sources */ = {isa = PBXBuildFile; fileRef = E0DF033029EC392F008B0AA4 /* ConversationViewController.swift */; };
		E0DF033429EC392F008B0AA4 /* Main.storyboard in Resources */ = {isa = PBXBuildFile; fileRef = E0DF033229EC392F008B0AA4 /* Main.storyboard */; };
		E0DF033629EC3932008B0AA4 /* Assets.xcassets in Resources */ = {isa = PBXBuildFile; fileRef = E0DF033529EC3932008B0AA4 /* Assets.xcassets */; };
		E0DF033929EC3932008B0AA4 /* LaunchScreen.storyboard in Resources */ = {isa = PBXBuildFile; fileRef = E0DF033729EC3932008B0AA4 /* LaunchScreen.storyboard */; };
		E0DF034729EC3FC1008B0AA4 /* LoginViewController.swift in Sources */ = {isa = PBXBuildFile; fileRef = E0DF034629EC3FC1008B0AA4 /* LoginViewController.swift */; };
		E0DF034929EC3FD7008B0AA4 /* RegisterViewController.swift in Sources */ = {isa = PBXBuildFile; fileRef = E0DF034829EC3FD7008B0AA4 /* RegisterViewController.swift */; };
		E0DF034B29EC3FF3008B0AA4 /* PhotoViewerViewController.swift in Sources */ = {isa = PBXBuildFile; fileRef = E0DF034A29EC3FF3008B0AA4 /* PhotoViewerViewController.swift */; };
		E0DF034D29EC4002008B0AA4 /* VideoPlayer]ViewController.swift in Sources */ = {isa = PBXBuildFile; fileRef = E0DF034C29EC4002008B0AA4 /* VideoPlayer]ViewController.swift */; };
		E0DF034F29EC4024008B0AA4 /* NewConversationViewController.swift in Sources */ = {isa = PBXBuildFile; fileRef = E0DF034E29EC4024008B0AA4 /* NewConversationViewController.swift */; };
		E0DF035129EC402D008B0AA4 /* ProfileViewController.swift in Sources */ = {isa = PBXBuildFile; fileRef = E0DF035029EC402D008B0AA4 /* ProfileViewController.swift */; };
/* End PBXBuildFile section */

/* Begin PBXFileReference section */
		E0DF032929EC392F008B0AA4 /* WhisperChat.app */ = {isa = PBXFileReference; explicitFileType = wrapper.application; includeInIndex = 0; path = WhisperChat.app; sourceTree = BUILT_PRODUCTS_DIR; };
		E0DF032C29EC392F008B0AA4 /* AppDelegate.swift */ = {isa = PBXFileReference; lastKnownFileType = sourcecode.swift; path = AppDelegate.swift; sourceTree = "<group>"; };
		E0DF032E29EC392F008B0AA4 /* SceneDelegate.swift */ = {isa = PBXFileReference; lastKnownFileType = sourcecode.swift; path = SceneDelegate.swift; sourceTree = "<group>"; };
		E0DF033029EC392F008B0AA4 /* ConversationViewController.swift */ = {isa = PBXFileReference; lastKnownFileType = sourcecode.swift; path = ConversationViewController.swift; sourceTree = "<group>"; };
		E0DF033329EC392F008B0AA4 /* Base */ = {isa = PBXFileReference; lastKnownFileType = file.storyboard; name = Base; path = Base.lproj/Main.storyboard; sourceTree = "<group>"; };
		E0DF033529EC3932008B0AA4 /* Assets.xcassets */ = {isa = PBXFileReference; lastKnownFileType = folder.assetcatalog; path = Assets.xcassets; sourceTree = "<group>"; };
		E0DF033829EC3932008B0AA4 /* Base */ = {isa = PBXFileReference; lastKnownFileType = file.storyboard; name = Base; path = Base.lproj/LaunchScreen.storyboard; sourceTree = "<group>"; };
		E0DF033A29EC3932008B0AA4 /* Info.plist */ = {isa = PBXFileReference; lastKnownFileType = text.plist.xml; path = Info.plist; sourceTree = "<group>"; };
		E0DF034629EC3FC1008B0AA4 /* LoginViewController.swift */ = {isa = PBXFileReference; lastKnownFileType = sourcecode.swift; path = LoginViewController.swift; sourceTree = "<group>"; };
		E0DF034829EC3FD7008B0AA4 /* RegisterViewController.swift */ = {isa = PBXFileReference; lastKnownFileType = sourcecode.swift; path = RegisterViewController.swift; sourceTree = "<group>"; };
		E0DF034A29EC3FF3008B0AA4 /* PhotoViewerViewController.swift */ = {isa = PBXFileReference; lastKnownFileType = sourcecode.swift; path = PhotoViewerViewController.swift; sourceTree = "<group>"; };
		E0DF034C29EC4002008B0AA4 /* VideoPlayer]ViewController.swift */ = {isa = PBXFileReference; lastKnownFileType = sourcecode.swift; path = "VideoPlayer]ViewController.swift"; sourceTree = "<group>"; };
		E0DF034E29EC4024008B0AA4 /* NewConversationViewController.swift */ = {isa = PBXFileReference; lastKnownFileType = sourcecode.swift; path = NewConversationViewController.swift; sourceTree = "<group>"; };
		E0DF035029EC402D008B0AA4 /* ProfileViewController.swift */ = {isa = PBXFileReference; lastKnownFileType = sourcecode.swift; path = ProfileViewController.swift; sourceTree = "<group>"; };
/* End PBXFileReference section */

/* Begin PBXFrameworksBuildPhase section */
		E0DF032629EC392F008B0AA4 /* Frameworks */ = {
			isa = PBXFrameworksBuildPhase;
			buildActionMask = 2147483647;
			files = (
			);
			runOnlyForDeploymentPostprocessing = 0;
		};
/* End PBXFrameworksBuildPhase section */

/* Begin PBXGroup section */
		E0DF032029EC392F008B0AA4 = {
			isa = PBXGroup;
			children = (
				E0DF032B29EC392F008B0AA4 /* WhisperChat */,
				E0DF032A29EC392F008B0AA4 /* Products */,
			);
			sourceTree = "<group>";
		};
		E0DF032A29EC392F008B0AA4 /* Products */ = {
			isa = PBXGroup;
			children = (
				E0DF032929EC392F008B0AA4 /* WhisperChat.app */,
			);
			name = Products;
			sourceTree = "<group>";
		};
		E0DF032B29EC392F008B0AA4 /* WhisperChat */ = {
			isa = PBXGroup;
			children = (
				E0DF034229EC3D58008B0AA4 /* ViewModels */,
				E0DF034029EC3D44008B0AA4 /* Models */,
				E0DF034129EC3D51008B0AA4 /* Views */,
				E0DF034329EC3D65008B0AA4 /* Controllers */,
				E0DF034429EC3D96008B0AA4 /* Resources */,
				E0DF033A29EC3932008B0AA4 /* Info.plist */,
			);
			path = WhisperChat;
			sourceTree = "<group>";
		};
		E0DF034029EC3D44008B0AA4 /* Models */ = {
			isa = PBXGroup;
			children = (
			);
			path = Models;
			sourceTree = "<group>";
		};
		E0DF034129EC3D51008B0AA4 /* Views */ = {
			isa = PBXGroup;
			children = (
				E0DF034529EC3DC7008B0AA4 /* Storyboards */,
				E0DF033529EC3932008B0AA4 /* Assets.xcassets */,
			);
			path = Views;
			sourceTree = "<group>";
		};
		E0DF034229EC3D58008B0AA4 /* ViewModels */ = {
			isa = PBXGroup;
			children = (
			);
			path = ViewModels;
			sourceTree = "<group>";
		};
		E0DF034329EC3D65008B0AA4 /* Controllers */ = {
			isa = PBXGroup;
			children = (
				E0DF033029EC392F008B0AA4 /* ConversationViewController.swift */,
				E0DF034629EC3FC1008B0AA4 /* LoginViewController.swift */,
				E0DF034829EC3FD7008B0AA4 /* RegisterViewController.swift */,
				E0DF034A29EC3FF3008B0AA4 /* PhotoViewerViewController.swift */,
				E0DF034C29EC4002008B0AA4 /* VideoPlayer]ViewController.swift */,
				E0DF034E29EC4024008B0AA4 /* NewConversationViewController.swift */,
				E0DF035029EC402D008B0AA4 /* ProfileViewController.swift */,
			);
			path = Controllers;
			sourceTree = "<group>";
		};
		E0DF034429EC3D96008B0AA4 /* Resources */ = {
			isa = PBXGroup;
			children = (
				E0DF032C29EC392F008B0AA4 /* AppDelegate.swift */,
				E0DF032E29EC392F008B0AA4 /* SceneDelegate.swift */,
			);
			path = Resources;
			sourceTree = "<group>";
		};
		E0DF034529EC3DC7008B0AA4 /* Storyboards */ = {
			isa = PBXGroup;
			children = (
				E0DF033229EC392F008B0AA4 /* Main.storyboard */,
				E0DF033729EC3932008B0AA4 /* LaunchScreen.storyboard */,
			);
			path = Storyboards;
			sourceTree = "<group>";
		};
/* End PBXGroup section */

/* Begin PBXNativeTarget section */
		E0DF032829EC392F008B0AA4 /* WhisperChat */ = {
			isa = PBXNativeTarget;
			buildConfigurationList = E0DF033D29EC3932008B0AA4 /* Build configuration list for PBXNativeTarget "WhisperChat" */;
			buildPhases = (
				E0DF032529EC392F008B0AA4 /* Sources */,
				E0DF032629EC392F008B0AA4 /* Frameworks */,
				E0DF032729EC392F008B0AA4 /* Resources */,
			);
			buildRules = (
			);
			dependencies = (
			);
			name = WhisperChat;
			productName = WhisperChat;
			productReference = E0DF032929EC392F008B0AA4 /* WhisperChat.app */;
			productType = "com.apple.product-type.application";
		};
/* End PBXNativeTarget section */

/* Begin PBXProject section */
		E0DF032129EC392F008B0AA4 /* Project object */ = {
			isa = PBXProject;
			attributes = {
				BuildIndependentTargetsInParallel = 1;
				LastSwiftUpdateCheck = 1430;
				LastUpgradeCheck = 1430;
				TargetAttributes = {
					E0DF032829EC392F008B0AA4 = {
						CreatedOnToolsVersion = 14.3;
					};
				};
			};
			buildConfigurationList = E0DF032429EC392F008B0AA4 /* Build configuration list for PBXProject "WhisperChat" */;
			compatibilityVersion = "Xcode 14.0";
			developmentRegion = en;
			hasScannedForEncodings = 0;
			knownRegions = (
				en,
				Base,
			);
			mainGroup = E0DF032029EC392F008B0AA4;
			productRefGroup = E0DF032A29EC392F008B0AA4 /* Products */;
			projectDirPath = "";
			projectRoot = "";
			targets = (
				E0DF032829EC392F008B0AA4 /* WhisperChat */,
			);
		};
/* End PBXProject section */

/* Begin PBXResourcesBuildPhase section */
		E0DF032729EC392F008B0AA4 /* Resources */ = {
			isa = PBXResourcesBuildPhase;
			buildActionMask = 2147483647;
			files = (
				E0DF033929EC3932008B0AA4 /* LaunchScreen.storyboard in Resources */,
				E0DF033629EC3932008B0AA4 /* Assets.xcassets in Resources */,
				E0DF033429EC392F008B0AA4 /* Main.storyboard in Resources */,
			);
			runOnlyForDeploymentPostprocessing = 0;
		};
/* End PBXResourcesBuildPhase section */

/* Begin PBXSourcesBuildPhase section */
		E0DF032529EC392F008B0AA4 /* Sources */ = {
			isa = PBXSourcesBuildPhase;
			buildActionMask = 2147483647;
			files = (
				E0DF034729EC3FC1008B0AA4 /* LoginViewController.swift in Sources */,
				E0DF034929EC3FD7008B0AA4 /* RegisterViewController.swift in Sources */,
				E0DF034F29EC4024008B0AA4 /* NewConversationViewController.swift in Sources */,
				E0DF034D29EC4002008B0AA4 /* VideoPlayer]ViewController.swift in Sources */,
				E0DF033129EC392F008B0AA4 /* ConversationViewController.swift in Sources */,
				E0DF032D29EC392F008B0AA4 /* AppDelegate.swift in Sources */,
				E0DF035129EC402D008B0AA4 /* ProfileViewController.swift in Sources */,
				E0DF032F29EC392F008B0AA4 /* SceneDelegate.swift in Sources */,
				E0DF034B29EC3FF3008B0AA4 /* PhotoViewerViewController.swift in Sources */,
			);
			runOnlyForDeploymentPostprocessing = 0;
		};
/* End PBXSourcesBuildPhase section */

/* Begin PBXVariantGroup section */
		E0DF033229EC392F008B0AA4 /* Main.storyboard */ = {
			isa = PBXVariantGroup;
			children = (
				E0DF033329EC392F008B0AA4 /* Base */,
			);
			name = Main.storyboard;
			sourceTree = "<group>";
		};
		E0DF033729EC3932008B0AA4 /* LaunchScreen.storyboard */ = {
			isa = PBXVariantGroup;
			children = (
				E0DF033829EC3932008B0AA4 /* Base */,
			);
			name = LaunchScreen.storyboard;
			sourceTree = "<group>";
		};
/* End PBXVariantGroup section */

/* Begin XCBuildConfiguration section */
		E0DF033B29EC3932008B0AA4 /* Debug */ = {
			isa = XCBuildConfiguration;
			buildSettings = {
				ALWAYS_SEARCH_USER_PATHS = NO;
				CLANG_ANALYZER_NONNULL = YES;
				CLANG_ANALYZER_NUMBER_OBJECT_CONVERSION = YES_AGGRESSIVE;
				CLANG_CXX_LANGUAGE_STANDARD = "gnu++20";
				CLANG_ENABLE_MODULES = YES;
				CLANG_ENABLE_OBJC_ARC = YES;
				CLANG_ENABLE_OBJC_WEAK = YES;
				CLANG_WARN_BLOCK_CAPTURE_AUTORELEASING = YES;
				CLANG_WARN_BOOL_CONVERSION = YES;
				CLANG_WARN_COMMA = YES;
				CLANG_WARN_CONSTANT_CONVERSION = YES;
				CLANG_WARN_DEPRECATED_OBJC_IMPLEMENTATIONS = YES;
				CLANG_WARN_DIRECT_OBJC_ISA_USAGE = YES_ERROR;
				CLANG_WARN_DOCUMENTATION_COMMENTS = YES;
				CLANG_WARN_EMPTY_BODY = YES;
				CLANG_WARN_ENUM_CONVERSION = YES;
				CLANG_WARN_INFINITE_RECURSION = YES;
				CLANG_WARN_INT_CONVERSION = YES;
				CLANG_WARN_NON_LITERAL_NULL_CONVERSION = YES;
				CLANG_WARN_OBJC_IMPLICIT_RETAIN_SELF = YES;
				CLANG_WARN_OBJC_LITERAL_CONVERSION = YES;
				CLANG_WARN_OBJC_ROOT_CLASS = YES_ERROR;
				CLANG_WARN_QUOTED_INCLUDE_IN_FRAMEWORK_HEADER = YES;
				CLANG_WARN_RANGE_LOOP_ANALYSIS = YES;
				CLANG_WARN_STRICT_PROTOTYPES = YES;
				CLANG_WARN_SUSPICIOUS_MOVE = YES;
				CLANG_WARN_UNGUARDED_AVAILABILITY = YES_AGGRESSIVE;
				CLANG_WARN_UNREACHABLE_CODE = YES;
				CLANG_WARN__DUPLICATE_METHOD_MATCH = YES;
				COPY_PHASE_STRIP = NO;
				DEBUG_INFORMATION_FORMAT = dwarf;
				ENABLE_STRICT_OBJC_MSGSEND = YES;
				ENABLE_TESTABILITY = YES;
				GCC_C_LANGUAGE_STANDARD = gnu11;
				GCC_DYNAMIC_NO_PIC = NO;
				GCC_NO_COMMON_BLOCKS = YES;
				GCC_OPTIMIZATION_LEVEL = 0;
				GCC_PREPROCESSOR_DEFINITIONS = (
					"DEBUG=1",
					"$(inherited)",
				);
				GCC_WARN_64_TO_32_BIT_CONVERSION = YES;
				GCC_WARN_ABOUT_RETURN_TYPE = YES_ERROR;
				GCC_WARN_UNDECLARED_SELECTOR = YES;
				GCC_WARN_UNINITIALIZED_AUTOS = YES_AGGRESSIVE;
				GCC_WARN_UNUSED_FUNCTION = YES;
				GCC_WARN_UNUSED_VARIABLE = YES;
				IPHONEOS_DEPLOYMENT_TARGET = 14.0;
				MTL_ENABLE_DEBUG_INFO = INCLUDE_SOURCE;
				MTL_FAST_MATH = YES;
				ONLY_ACTIVE_ARCH = YES;
				SDKROOT = iphoneos;
				SWIFT_ACTIVE_COMPILATION_CONDITIONS = DEBUG;
				SWIFT_OPTIMIZATION_LEVEL = "-Onone";
			};
			name = Debug;
		};
		E0DF033C29EC3932008B0AA4 /* Release */ = {
			isa = XCBuildConfiguration;
			buildSettings = {
				ALWAYS_SEARCH_USER_PATHS = NO;
				CLANG_ANALYZER_NONNULL = YES;
				CLANG_ANALYZER_NUMBER_OBJECT_CONVERSION = YES_AGGRESSIVE;
				CLANG_CXX_LANGUAGE_STANDARD = "gnu++20";
				CLANG_ENABLE_MODULES = YES;
				CLANG_ENABLE_OBJC_ARC = YES;
				CLANG_ENABLE_OBJC_WEAK = YES;
				CLANG_WARN_BLOCK_CAPTURE_AUTORELEASING = YES;
				CLANG_WARN_BOOL_CONVERSION = YES;
				CLANG_WARN_COMMA = YES;
				CLANG_WARN_CONSTANT_CONVERSION = YES;
				CLANG_WARN_DEPRECATED_OBJC_IMPLEMENTATIONS = YES;
				CLANG_WARN_DIRECT_OBJC_ISA_USAGE = YES_ERROR;
				CLANG_WARN_DOCUMENTATION_COMMENTS = YES;
				CLANG_WARN_EMPTY_BODY = YES;
				CLANG_WARN_ENUM_CONVERSION = YES;
				CLANG_WARN_INFINITE_RECURSION = YES;
				CLANG_WARN_INT_CONVERSION = YES;
				CLANG_WARN_NON_LITERAL_NULL_CONVERSION = YES;
				CLANG_WARN_OBJC_IMPLICIT_RETAIN_SELF = YES;
				CLANG_WARN_OBJC_LITERAL_CONVERSION = YES;
				CLANG_WARN_OBJC_ROOT_CLASS = YES_ERROR;
				CLANG_WARN_QUOTED_INCLUDE_IN_FRAMEWORK_HEADER = YES;
				CLANG_WARN_RANGE_LOOP_ANALYSIS = YES;
				CLANG_WARN_STRICT_PROTOTYPES = YES;
				CLANG_WARN_SUSPICIOUS_MOVE = YES;
				CLANG_WARN_UNGUARDED_AVAILABILITY = YES_AGGRESSIVE;
				CLANG_WARN_UNREACHABLE_CODE = YES;
				CLANG_WARN__DUPLICATE_METHOD_MATCH = YES;
				COPY_PHASE_STRIP = NO;
				DEBUG_INFORMATION_FORMAT = "dwarf-with-dsym";
				ENABLE_NS_ASSERTIONS = NO;
				ENABLE_STRICT_OBJC_MSGSEND = YES;
				GCC_C_LANGUAGE_STANDARD = gnu11;
				GCC_NO_COMMON_BLOCKS = YES;
				GCC_WARN_64_TO_32_BIT_CONVERSION = YES;
				GCC_WARN_ABOUT_RETURN_TYPE = YES_ERROR;
				GCC_WARN_UNDECLARED_SELECTOR = YES;
				GCC_WARN_UNINITIALIZED_AUTOS = YES_AGGRESSIVE;
				GCC_WARN_UNUSED_FUNCTION = YES;
				GCC_WARN_UNUSED_VARIABLE = YES;
				IPHONEOS_DEPLOYMENT_TARGET = 14.0;
				MTL_ENABLE_DEBUG_INFO = NO;
				MTL_FAST_MATH = YES;
				ONLY_ACTIVE_ARCH = NO;
				SDKROOT = iphoneos;
				SWIFT_COMPILATION_MODE = wholemodule;
				SWIFT_OPTIMIZATION_LEVEL = "-O";
				VALIDATE_PRODUCT = YES;
			};
			name = Release;
		};
		E0DF033E29EC3932008B0AA4 /* Debug */ = {
			isa = XCBuildConfiguration;
			buildSettings = {
				ASSETCATALOG_COMPILER_APPICON_NAME = AppIcon;
				ASSETCATALOG_COMPILER_GLOBAL_ACCENT_COLOR_NAME = AccentColor;
				CODE_SIGN_STYLE = Automatic;
				CURRENT_PROJECT_VERSION = 1;
				GENERATE_INFOPLIST_FILE = YES;
				INFOPLIST_FILE = WhisperChat/Info.plist;
				INFOPLIST_KEY_UIApplicationSupportsIndirectInputEvents = YES;
				INFOPLIST_KEY_UILaunchStoryboardName = LaunchScreen;
				INFOPLIST_KEY_UIMainStoryboardFile = Main;
				INFOPLIST_KEY_UIRequiresFullScreen = NO;
				INFOPLIST_KEY_UISupportedInterfaceOrientations = UIInterfaceOrientationPortrait;
				INFOPLIST_KEY_UISupportedInterfaceOrientations_iPad = "UIInterfaceOrientationLandscapeLeft UIInterfaceOrientationLandscapeRight UIInterfaceOrientationPortrait UIInterfaceOrientationPortraitUpsideDown";
				IPHONEOS_DEPLOYMENT_TARGET = 13.0;
				LD_RUNPATH_SEARCH_PATHS = (
					"$(inherited)",
					"@executable_path/Frameworks",
				);
				MARKETING_VERSION = 1.0;
				PRODUCT_BUNDLE_IDENTIFIER = com.ravalbit.WhisperChat;
				PRODUCT_NAME = "$(TARGET_NAME)";
				SWIFT_EMIT_LOC_STRINGS = YES;
				SWIFT_VERSION = 5.0;
				TARGETED_DEVICE_FAMILY = "1,2";
			};
			name = Debug;
		};
		E0DF033F29EC3932008B0AA4 /* Release */ = {
			isa = XCBuildConfiguration;
			buildSettings = {
				ASSETCATALOG_COMPILER_APPICON_NAME = AppIcon;
				ASSETCATALOG_COMPILER_GLOBAL_ACCENT_COLOR_NAME = AccentColor;
				CODE_SIGN_STYLE = Automatic;
				CURRENT_PROJECT_VERSION = 1;
				GENERATE_INFOPLIST_FILE = YES;
				INFOPLIST_FILE = WhisperChat/Info.plist;
				INFOPLIST_KEY_UIApplicationSupportsIndirectInputEvents = YES;
				INFOPLIST_KEY_UILaunchStoryboardName = LaunchScreen;
				INFOPLIST_KEY_UIMainStoryboardFile = Main;
				INFOPLIST_KEY_UIRequiresFullScreen = NO;
				INFOPLIST_KEY_UISupportedInterfaceOrientations = UIInterfaceOrientationPortrait;
				INFOPLIST_KEY_UISupportedInterfaceOrientations_iPad = "UIInterfaceOrientationLandscapeLeft UIInterfaceOrientationLandscapeRight UIInterfaceOrientationPortrait UIInterfaceOrientationPortraitUpsideDown";
				IPHONEOS_DEPLOYMENT_TARGET = 13.0;
				LD_RUNPATH_SEARCH_PATHS = (
					"$(inherited)",
					"@executable_path/Frameworks",
				);
				MARKETING_VERSION = 1.0;
				PRODUCT_BUNDLE_IDENTIFIER = com.ravalbit.WhisperChat;
				PRODUCT_NAME = "$(TARGET_NAME)";
				SWIFT_EMIT_LOC_STRINGS = YES;
				SWIFT_VERSION = 5.0;
				TARGETED_DEVICE_FAMILY = "1,2";
			};
			name = Release;
		};
/* End XCBuildConfiguration section */

/* Begin XCConfigurationList section */
		E0DF032429EC392F008B0AA4 /* Build configuration list for PBXProject "WhisperChat" */ = {
			isa = XCConfigurationList;
			buildConfigurations = (
				E0DF033B29EC3932008B0AA4 /* Debug */,
				E0DF033C29EC3932008B0AA4 /* Release */,
			);
			defaultConfigurationIsVisible = 0;
			defaultConfigurationName = Release;
		};
		E0DF033D29EC3932008B0AA4 /* Build configuration list for PBXNativeTarget "WhisperChat" */ = {
			isa = XCConfigurationList;
			buildConfigurations = (
				E0DF033E29EC3932008B0AA4 /* Debug */,
				E0DF033F29EC3932008B0AA4 /* Release */,
			);
			defaultConfigurationIsVisible = 0;
			defaultConfigurationName = Release;
		};
/* End XCConfigurationList section */
	};
	rootObject = E0DF032129EC392F008B0AA4 /* Project object */;
}
